
Microsoft Visual Studio Solution File, Format Version 12.00
# Visual Studio Version 16
VisualStudioVersion = 16.0.31624.102
MinimumVisualStudioVersion = 10.0.40219.1
Project("{9A19103F-16F7-4668-BE54-9A1E7A4F7556}") = "verivox", "verivox\verivox.csproj", "{73EA1B4C-089B-4D60-9DD9-FA1F6EA0AAF2}"
EndProject
Project("{FAE04EC0-301F-11D3-BF4B-00C04F79EFBC}") = "Tests", "Tests\Tests.csproj", "{339F0479-66B7-4090-AA01-74C362A83B20}"
EndProject
Global
	GlobalSection(SolutionConfigurationPlatforms) = preSolution
		Debug|Any CPU = Debug|Any CPU
		Release|Any CPU = Release|Any CPU
	EndGlobalSection
	GlobalSection(ProjectConfigurationPlatforms) = postSolution
		{73EA1B4C-089B-4D60-9DD9-FA1F6EA0AAF2}.Debug|Any CPU.ActiveCfg = Debug|Any CPU
		{73EA1B4C-089B-4D60-9DD9-FA1F6EA0AAF2}.Debug|Any CPU.Build.0 = Debug|Any CPU
		{73EA1B4C-089B-4D60-9DD9-FA1F6EA0AAF2}.Release|Any CPU.ActiveCfg = Release|Any CPU
		{73EA1B4C-089B-4D60-9DD9-FA1F6EA0AAF2}.Release|Any CPU.Build.0 = Release|Any CPU
		{339F0479-66B7-4090-AA01-74C362A83B20}.Debug|Any CPU.ActiveCfg = Debug|Any CPU
		{339F0479-66B7-4090-AA01-74C362A83B20}.Debug|Any CPU.Build.0 = Debug|Any CPU
		{339F0479-66B7-4090-AA01-74C362A83B20}.Release|Any CPU.ActiveCfg = Release|Any CPU
		{339F0479-66B7-4090-AA01-74C362A83B20}.Release|Any CPU.Build.0 = Release|Any CPU
	EndGlobalSection
	GlobalSection(SolutionProperties) = preSolution
		HideSolutionNode = FALSE
	EndGlobalSection
	GlobalSection(ExtensibilityGlobals) = postSolution
		SolutionGuid = {7E60C319-9B8C-4B49-8F89-9D9BEF313EEC}
	EndGlobalSection
EndGlobal
